{
  "nodes": {
    "nixpkgs": {
      "locked": {
        "lastModified": 1681126633,
        "narHash": "sha256-evQ3Ct/yJDSHej16Hiq+JfxRjgm9FXu/2LBxsyorGdE=",
        "owner": "NixOS",
        "repo": "nixpkgs",
        "rev": "db24d86dd8a4769c50d6b7295e81aa280cd93f35",
        "type": "github"
      },
      "original": {
        "owner": "NixOS",
        "ref": "nixos-unstable",
        "repo": "nixpkgs",
        "type": "github"
      }
    },
    "root": {
      "inputs": {
        "nixpkgs": "nixpkgs"
      }
    }
  },
  "root": "root",
  "version": 7
}
